
Microsoft Visual Studio Solution File, Format Version 12.00
# Visual Studio Version 17
VisualStudioVersion = 17.11.35208.52
MinimumVisualStudioVersion = 10.0.40219.1
Project("{2150E333-8FDC-42A3-9474-1A3956D46DE8}") = "Services", "Services", "{208AA419-085B-4733-B2EF-33AE00CC18BE}"
EndProject
Project("{2150E333-8FDC-42A3-9474-1A3956D46DE8}") = "Catalog", "Catalog", "{8F21D31D-8FA1-41C3-8762-53A4C2600654}"
EndProject
Project("{9A19103F-16F7-4668-BE54-9A1E7A4F7556}") = "Catalog.API", "Services\Catalog\Catalog.API\Catalog.API.csproj", "{6C2D5D0D-02DF-4AB3-8BC4-FE612D4CA4DC}"
EndProject
Project("{2150E333-8FDC-42A3-9474-1A3956D46DE8}") = "BuildingBlocks", "BuildingBlocks", "{380C5DC5-A9CA-4B77-B969-E3736721D133}"
EndProject
Project("{9A19103F-16F7-4668-BE54-9A1E7A4F7556}") = "BuildingBlocks", "BuildingBlocks\BuildingBlocks.csproj", "{C6953326-02A6-42BF-B31B-F22589F3643F}"
EndProject
Project("{E53339B2-1760-4266-BCC7-CA923CBCF16C}") = "docker-compose", "docker-compose.dcproj", "{D884883B-D39E-424F-A30F-D175FE3ECEEF}"
EndProject
Global
	GlobalSection(SolutionConfigurationPlatforms) = preSolution
		Debug|Any CPU = Debug|Any CPU
		Release|Any CPU = Release|Any CPU
	EndGlobalSection
	GlobalSection(ProjectConfigurationPlatforms) = postSolution
		{6C2D5D0D-02DF-4AB3-8BC4-FE612D4CA4DC}.Debug|Any CPU.ActiveCfg = Debug|Any CPU
		{6C2D5D0D-02DF-4AB3-8BC4-FE612D4CA4DC}.Debug|Any CPU.Build.0 = Debug|Any CPU
		{6C2D5D0D-02DF-4AB3-8BC4-FE612D4CA4DC}.Release|Any CPU.ActiveCfg = Release|Any CPU
		{6C2D5D0D-02DF-4AB3-8BC4-FE612D4CA4DC}.Release|Any CPU.Build.0 = Release|Any CPU
		{C6953326-02A6-42BF-B31B-F22589F3643F}.Debug|Any CPU.ActiveCfg = Debug|Any CPU
		{C6953326-02A6-42BF-B31B-F22589F3643F}.Debug|Any CPU.Build.0 = Debug|Any CPU
		{C6953326-02A6-42BF-B31B-F22589F3643F}.Release|Any CPU.ActiveCfg = Release|Any CPU
		{C6953326-02A6-42BF-B31B-F22589F3643F}.Release|Any CPU.Build.0 = Release|Any CPU
		{D884883B-D39E-424F-A30F-D175FE3ECEEF}.Debug|Any CPU.ActiveCfg = Debug|Any CPU
		{D884883B-D39E-424F-A30F-D175FE3ECEEF}.Debug|Any CPU.Build.0 = Debug|Any CPU
		{D884883B-D39E-424F-A30F-D175FE3ECEEF}.Release|Any CPU.ActiveCfg = Release|Any CPU
		{D884883B-D39E-424F-A30F-D175FE3ECEEF}.Release|Any CPU.Build.0 = Release|Any CPU
	EndGlobalSection
	GlobalSection(SolutionProperties) = preSolution
		HideSolutionNode = FALSE
	EndGlobalSection
	GlobalSection(NestedProjects) = preSolution
		{8F21D31D-8FA1-41C3-8762-53A4C2600654} = {208AA419-085B-4733-B2EF-33AE00CC18BE}
		{6C2D5D0D-02DF-4AB3-8BC4-FE612D4CA4DC} = {8F21D31D-8FA1-41C3-8762-53A4C2600654}
		{C6953326-02A6-42BF-B31B-F22589F3643F} = {380C5DC5-A9CA-4B77-B969-E3736721D133}
	EndGlobalSection
	GlobalSection(ExtensibilityGlobals) = postSolution
		SolutionGuid = {F82C2011-DD6E-4A66-85CB-7BE0596746FC}
	EndGlobalSection
EndGlobal
